
Microsoft Visual Studio Solution File, Format Version 12.00
# Visual Studio Version 16
VisualStudioVersion = 16.0.31410.357
MinimumVisualStudioVersion = 10.0.40219.1
Project("{9A19103F-16F7-4668-BE54-9A1E7A4F7556}") = "GalaxyMedicoApp", "GalaxyMedicoApp\GalaxyMedicoApp.csproj", "{59263DCD-8590-4D48-9B37-F5F493D75959}"
EndProject
Project("{2150E333-8FDC-42A3-9474-1A3956D46DE8}") = "Services", "Services", "{92525F9A-B33B-4F00-86FC-E5268A60672D}"
EndProject
Project("{2150E333-8FDC-42A3-9474-1A3956D46DE8}") = "FrontEnd", "FrontEnd", "{2E87DD50-249A-411C-A971-19D29FD814BB}"
EndProject
Project("{9A19103F-16F7-4668-BE54-9A1E7A4F7556}") = "GalaxyMedico.Services.DrugAPI", "GalaxyMedico.Services.DrugAPI\GalaxyMedico.Services.DrugAPI.csproj", "{07E7932D-2A46-47DC-9ED6-BE142E09F1C7}"
EndProject
Project("{9A19103F-16F7-4668-BE54-9A1E7A4F7556}") = "GalaxyMedico.Services.Identity", "GalaxyMedico.Services.Identity\GalaxyMedico.Services.Identity.csproj", "{1382B123-9EFC-4941-A12E-07A95490E972}"
EndProject
Project("{9A19103F-16F7-4668-BE54-9A1E7A4F7556}") = "GalaxyMedico.Services.ShoppingCartAPI", "GalaxyMedico.Services.ShoppingCartAPI\GalaxyMedico.Services.ShoppingCartAPI.csproj", "{91B1BC06-E313-448B-A092-FDA9311E6C67}"
EndProject
Project("{9A19103F-16F7-4668-BE54-9A1E7A4F7556}") = "GalaxyMedico.Services.CouponAPI", "GalaxyMedico.Services.CouponAPI\GalaxyMedico.Services.CouponAPI.csproj", "{DA221D41-9F62-4673-B4BB-D5DDCD35E07F}"
EndProject
Project("{2150E333-8FDC-42A3-9474-1A3956D46DE8}") = "Integration", "Integration", "{D0161303-B6DB-44DD-87F9-A64FFB55A123}"
EndProject
Project("{9A19103F-16F7-4668-BE54-9A1E7A4F7556}") = "GalaxyMedicoMessageBus", "GalaxyMedicoMessageBus\GalaxyMedicoMessageBus.csproj", "{3FAFF968-E853-496B-8CD3-BAE22A3DA156}"
EndProject
Project("{9A19103F-16F7-4668-BE54-9A1E7A4F7556}") = "GalaxyMedico.Services.OrderAPI", "GalaxyMedico.Services.OrderAPI\GalaxyMedico.Services.OrderAPI.csproj", "{1E98BFDB-3036-4ABB-BF72-3CA8ABE2F996}"
EndProject
Project("{2150E333-8FDC-42A3-9474-1A3956D46DE8}") = "Payments", "Payments", "{A77768D4-B463-421E-860E-381DDA607D02}"
EndProject
Project("{9A19103F-16F7-4668-BE54-9A1E7A4F7556}") = "PaymentProcessor", "PaymentProcessor\PaymentProcessor.csproj", "{7136ED59-CA88-45CE-9E81-FFC5C7FA939B}"
EndProject
Project("{9A19103F-16F7-4668-BE54-9A1E7A4F7556}") = "GalaxyMedico.Services.PaymentAPI", "GalaxyMedico.Services.PaymentAPI\GalaxyMedico.Services.PaymentAPI.csproj", "{0A149601-0A9D-441F-A929-251773E62096}"
EndProject
Project("{2150E333-8FDC-42A3-9474-1A3956D46DE8}") = "Gateway", "Gateway", "{DADDE378-99FD-495A-8B09-049175B1CF33}"
EndProject
Project("{9A19103F-16F7-4668-BE54-9A1E7A4F7556}") = "GalaxyMedico.GatewaySolution", "GalaxyMedico.GatewaySolution\GalaxyMedico.GatewaySolution.csproj", "{B793A265-8956-4951-9A36-68ECDEBDBAF6}"
EndProject
Project("{FAE04EC0-301F-11D3-BF4B-00C04F79EFBC}") = "GalaxyMedico.Services.Email", "GalaxyMedico.Services.Email\GalaxyMedico.Services.Email.csproj", "{E40CA805-C93E-4F73-B97C-2B6F9631A7FD}"
EndProject
Global
	GlobalSection(SolutionConfigurationPlatforms) = preSolution
		Debug|Any CPU = Debug|Any CPU
		Release|Any CPU = Release|Any CPU
	EndGlobalSection
	GlobalSection(ProjectConfigurationPlatforms) = postSolution
		{59263DCD-8590-4D48-9B37-F5F493D75959}.Debug|Any CPU.ActiveCfg = Debug|Any CPU
		{59263DCD-8590-4D48-9B37-F5F493D75959}.Debug|Any CPU.Build.0 = Debug|Any CPU
		{59263DCD-8590-4D48-9B37-F5F493D75959}.Release|Any CPU.ActiveCfg = Release|Any CPU
		{59263DCD-8590-4D48-9B37-F5F493D75959}.Release|Any CPU.Build.0 = Release|Any CPU
		{07E7932D-2A46-47DC-9ED6-BE142E09F1C7}.Debug|Any CPU.ActiveCfg = Debug|Any CPU
		{07E7932D-2A46-47DC-9ED6-BE142E09F1C7}.Debug|Any CPU.Build.0 = Debug|Any CPU
		{07E7932D-2A46-47DC-9ED6-BE142E09F1C7}.Release|Any CPU.ActiveCfg = Release|Any CPU
		{07E7932D-2A46-47DC-9ED6-BE142E09F1C7}.Release|Any CPU.Build.0 = Release|Any CPU
		{1382B123-9EFC-4941-A12E-07A95490E972}.Debug|Any CPU.ActiveCfg = Debug|Any CPU
		{1382B123-9EFC-4941-A12E-07A95490E972}.Debug|Any CPU.Build.0 = Debug|Any CPU
		{1382B123-9EFC-4941-A12E-07A95490E972}.Release|Any CPU.ActiveCfg = Release|Any CPU
		{1382B123-9EFC-4941-A12E-07A95490E972}.Release|Any CPU.Build.0 = Release|Any CPU
		{91B1BC06-E313-448B-A092-FDA9311E6C67}.Debug|Any CPU.ActiveCfg = Debug|Any CPU
		{91B1BC06-E313-448B-A092-FDA9311E6C67}.Debug|Any CPU.Build.0 = Debug|Any CPU
		{91B1BC06-E313-448B-A092-FDA9311E6C67}.Release|Any CPU.ActiveCfg = Release|Any CPU
		{91B1BC06-E313-448B-A092-FDA9311E6C67}.Release|Any CPU.Build.0 = Release|Any CPU
		{DA221D41-9F62-4673-B4BB-D5DDCD35E07F}.Debug|Any CPU.ActiveCfg = Debug|Any CPU
		{DA221D41-9F62-4673-B4BB-D5DDCD35E07F}.Debug|Any CPU.Build.0 = Debug|Any CPU
		{DA221D41-9F62-4673-B4BB-D5DDCD35E07F}.Release|Any CPU.ActiveCfg = Release|Any CPU
		{DA221D41-9F62-4673-B4BB-D5DDCD35E07F}.Release|Any CPU.Build.0 = Release|Any CPU
		{3FAFF968-E853-496B-8CD3-BAE22A3DA156}.Debug|Any CPU.ActiveCfg = Debug|Any CPU
		{3FAFF968-E853-496B-8CD3-BAE22A3DA156}.Debug|Any CPU.Build.0 = Debug|Any CPU
		{3FAFF968-E853-496B-8CD3-BAE22A3DA156}.Release|Any CPU.ActiveCfg = Release|Any CPU
		{3FAFF968-E853-496B-8CD3-BAE22A3DA156}.Release|Any CPU.Build.0 = Release|Any CPU
		{1E98BFDB-3036-4ABB-BF72-3CA8ABE2F996}.Debug|Any CPU.ActiveCfg = Debug|Any CPU
		{1E98BFDB-3036-4ABB-BF72-3CA8ABE2F996}.Debug|Any CPU.Build.0 = Debug|Any CPU
		{1E98BFDB-3036-4ABB-BF72-3CA8ABE2F996}.Release|Any CPU.ActiveCfg = Release|Any CPU
		{1E98BFDB-3036-4ABB-BF72-3CA8ABE2F996}.Release|Any CPU.Build.0 = Release|Any CPU
		{7136ED59-CA88-45CE-9E81-FFC5C7FA939B}.Debug|Any CPU.ActiveCfg = Debug|Any CPU
		{7136ED59-CA88-45CE-9E81-FFC5C7FA939B}.Debug|Any CPU.Build.0 = Debug|Any CPU
		{7136ED59-CA88-45CE-9E81-FFC5C7FA939B}.Release|Any CPU.ActiveCfg = Release|Any CPU
		{7136ED59-CA88-45CE-9E81-FFC5C7FA939B}.Release|Any CPU.Build.0 = Release|Any CPU
		{0A149601-0A9D-441F-A929-251773E62096}.Debug|Any CPU.ActiveCfg = Debug|Any CPU
		{0A149601-0A9D-441F-A929-251773E62096}.Debug|Any CPU.Build.0 = Debug|Any CPU
		{0A149601-0A9D-441F-A929-251773E62096}.Release|Any CPU.ActiveCfg = Release|Any CPU
		{0A149601-0A9D-441F-A929-251773E62096}.Release|Any CPU.Build.0 = Release|Any CPU
		{B793A265-8956-4951-9A36-68ECDEBDBAF6}.Debug|Any CPU.ActiveCfg = Debug|Any CPU
		{B793A265-8956-4951-9A36-68ECDEBDBAF6}.Debug|Any CPU.Build.0 = Debug|Any CPU
		{B793A265-8956-4951-9A36-68ECDEBDBAF6}.Release|Any CPU.ActiveCfg = Release|Any CPU
		{B793A265-8956-4951-9A36-68ECDEBDBAF6}.Release|Any CPU.Build.0 = Release|Any CPU
		{E40CA805-C93E-4F73-B97C-2B6F9631A7FD}.Debug|Any CPU.ActiveCfg = Debug|Any CPU
		{E40CA805-C93E-4F73-B97C-2B6F9631A7FD}.Debug|Any CPU.Build.0 = Debug|Any CPU
		{E40CA805-C93E-4F73-B97C-2B6F9631A7FD}.Release|Any CPU.ActiveCfg = Release|Any CPU
		{E40CA805-C93E-4F73-B97C-2B6F9631A7FD}.Release|Any CPU.Build.0 = Release|Any CPU
	EndGlobalSection
	GlobalSection(SolutionProperties) = preSolution
		HideSolutionNode = FALSE
	EndGlobalSection
	GlobalSection(NestedProjects) = preSolution
		{59263DCD-8590-4D48-9B37-F5F493D75959} = {2E87DD50-249A-411C-A971-19D29FD814BB}
		{07E7932D-2A46-47DC-9ED6-BE142E09F1C7} = {92525F9A-B33B-4F00-86FC-E5268A60672D}
		{1382B123-9EFC-4941-A12E-07A95490E972} = {92525F9A-B33B-4F00-86FC-E5268A60672D}
		{91B1BC06-E313-448B-A092-FDA9311E6C67} = {92525F9A-B33B-4F00-86FC-E5268A60672D}
		{DA221D41-9F62-4673-B4BB-D5DDCD35E07F} = {92525F9A-B33B-4F00-86FC-E5268A60672D}
		{3FAFF968-E853-496B-8CD3-BAE22A3DA156} = {D0161303-B6DB-44DD-87F9-A64FFB55A123}
		{1E98BFDB-3036-4ABB-BF72-3CA8ABE2F996} = {92525F9A-B33B-4F00-86FC-E5268A60672D}
		{7136ED59-CA88-45CE-9E81-FFC5C7FA939B} = {A77768D4-B463-421E-860E-381DDA607D02}
		{0A149601-0A9D-441F-A929-251773E62096} = {92525F9A-B33B-4F00-86FC-E5268A60672D}
		{B793A265-8956-4951-9A36-68ECDEBDBAF6} = {DADDE378-99FD-495A-8B09-049175B1CF33}
		{E40CA805-C93E-4F73-B97C-2B6F9631A7FD} = {92525F9A-B33B-4F00-86FC-E5268A60672D}
	EndGlobalSection
	GlobalSection(ExtensibilityGlobals) = postSolution
		SolutionGuid = {FDCC944A-73B0-4F4E-BC0C-38AACB46E345}
	EndGlobalSection
EndGlobal
